// !$*UTF8*$!
{
	archiveVersion = 1;
	classes = {
	};
	objectVersion = 55;
	objects = {

/* Begin PBXBuildFile section */
		1D90DF7927119CB20061F507 /* AppDelegate.swift in Sources */ = {isa = PBXBuildFile; fileRef = 1D90DF7827119CB20061F507 /* AppDelegate.swift */; };
		1D90DF7B27119CB20061F507 /* SceneDelegate.swift in Sources */ = {isa = PBXBuildFile; fileRef = 1D90DF7A27119CB20061F507 /* SceneDelegate.swift */; };
		1D90DF7D27119CB20061F507 /* ImageSearchViewController.swift in Sources */ = {isa = PBXBuildFile; fileRef = 1D90DF7C27119CB20061F507 /* ImageSearchViewController.swift */; };
		1D90DF8027119CB20061F507 /* Main.storyboard in Resources */ = {isa = PBXBuildFile; fileRef = 1D90DF7E27119CB20061F507 /* Main.storyboard */; };
		1D90DF8227119CB50061F507 /* Assets.xcassets in Resources */ = {isa = PBXBuildFile; fileRef = 1D90DF8127119CB50061F507 /* Assets.xcassets */; };
		1D90DF8527119CB50061F507 /* LaunchScreen.storyboard in Resources */ = {isa = PBXBuildFile; fileRef = 1D90DF8327119CB50061F507 /* LaunchScreen.storyboard */; };
		1D90DF9027119CB60061F507 /* FlickerImageSearchTests.swift in Sources */ = {isa = PBXBuildFile; fileRef = 1D90DF8F27119CB60061F507 /* FlickerImageSearchTests.swift */; };
		1D90DF9A27119CB60061F507 /* FlickerImageSearchUITests.swift in Sources */ = {isa = PBXBuildFile; fileRef = 1D90DF9927119CB60061F507 /* FlickerImageSearchUITests.swift */; };
		1D90DF9C27119CB60061F507 /* FlickerImageSearchUITestsLaunchTests.swift in Sources */ = {isa = PBXBuildFile; fileRef = 1D90DF9B27119CB60061F507 /* FlickerImageSearchUITestsLaunchTests.swift */; };
/* End PBXBuildFile section */

/* Begin PBXContainerItemProxy section */
		1D90DF8C27119CB60061F507 /* PBXContainerItemProxy */ = {
			isa = PBXContainerItemProxy;
			containerPortal = 1D90DF6D27119CB20061F507 /* Project object */;
			proxyType = 1;
			remoteGlobalIDString = 1D90DF7427119CB20061F507;
			remoteInfo = FlickerImageSearch;
		};
		1D90DF9627119CB60061F507 /* PBXContainerItemProxy */ = {
			isa = PBXContainerItemProxy;
			containerPortal = 1D90DF6D27119CB20061F507 /* Project object */;
			proxyType = 1;
			remoteGlobalIDString = 1D90DF7427119CB20061F507;
			remoteInfo = FlickerImageSearch;
		};
/* End PBXContainerItemProxy section */

/* Begin PBXFileReference section */
		1D90DF7527119CB20061F507 /* FlickerImageSearch.app */ = {isa = PBXFileReference; explicitFileType = wrapper.application; includeInIndex = 0; path = FlickerImageSearch.app; sourceTree = BUILT_PRODUCTS_DIR; };
		1D90DF7827119CB20061F507 /* AppDelegate.swift */ = {isa = PBXFileReference; lastKnownFileType = sourcecode.swift; path = AppDelegate.swift; sourceTree = "<group>"; };
		1D90DF7A27119CB20061F507 /* SceneDelegate.swift */ = {isa = PBXFileReference; lastKnownFileType = sourcecode.swift; path = SceneDelegate.swift; sourceTree = "<group>"; };
		1D90DF7C27119CB20061F507 /* ImageSearchViewController.swift */ = {isa = PBXFileReference; lastKnownFileType = sourcecode.swift; path = ImageSearchViewController.swift; sourceTree = "<group>"; };
		1D90DF7F27119CB20061F507 /* Base */ = {isa = PBXFileReference; lastKnownFileType = file.storyboard; name = Base; path = Base.lproj/Main.storyboard; sourceTree = "<group>"; };
		1D90DF8127119CB50061F507 /* Assets.xcassets */ = {isa = PBXFileReference; lastKnownFileType = folder.assetcatalog; path = Assets.xcassets; sourceTree = "<group>"; };
		1D90DF8427119CB50061F507 /* Base */ = {isa = PBXFileReference; lastKnownFileType = file.storyboard; name = Base; path = Base.lproj/LaunchScreen.storyboard; sourceTree = "<group>"; };
		1D90DF8627119CB50061F507 /* Info.plist */ = {isa = PBXFileReference; lastKnownFileType = text.plist.xml; path = Info.plist; sourceTree = "<group>"; };
		1D90DF8B27119CB60061F507 /* FlickerImageSearchTests.xctest */ = {isa = PBXFileReference; explicitFileType = wrapper.cfbundle; includeInIndex = 0; path = FlickerImageSearchTests.xctest; sourceTree = BUILT_PRODUCTS_DIR; };
		1D90DF8F27119CB60061F507 /* FlickerImageSearchTests.swift */ = {isa = PBXFileReference; lastKnownFileType = sourcecode.swift; path = FlickerImageSearchTests.swift; sourceTree = "<group>"; };
		1D90DF9527119CB60061F507 /* FlickerImageSearchUITests.xctest */ = {isa = PBXFileReference; explicitFileType = wrapper.cfbundle; includeInIndex = 0; path = FlickerImageSearchUITests.xctest; sourceTree = BUILT_PRODUCTS_DIR; };
		1D90DF9927119CB60061F507 /* FlickerImageSearchUITests.swift */ = {isa = PBXFileReference; lastKnownFileType = sourcecode.swift; path = FlickerImageSearchUITests.swift; sourceTree = "<group>"; };
		1D90DF9B27119CB60061F507 /* FlickerImageSearchUITestsLaunchTests.swift */ = {isa = PBXFileReference; lastKnownFileType = sourcecode.swift; path = FlickerImageSearchUITestsLaunchTests.swift; sourceTree = "<group>"; };
/* End PBXFileReference section */

/* Begin PBXFrameworksBuildPhase section */
		1D90DF7227119CB20061F507 /* Frameworks */ = {
			isa = PBXFrameworksBuildPhase;
			buildActionMask = 2147483647;
			files = (
			);
			runOnlyForDeploymentPostprocessing = 0;
		};
		1D90DF8827119CB60061F507 /* Frameworks */ = {
			isa = PBXFrameworksBuildPhase;
			buildActionMask = 2147483647;
			files = (
			);
			runOnlyForDeploymentPostprocessing = 0;
		};
		1D90DF9227119CB60061F507 /* Frameworks */ = {
			isa = PBXFrameworksBuildPhase;
			buildActionMask = 2147483647;
			files = (
			);
			runOnlyForDeploymentPostprocessing = 0;
		};
/* End PBXFrameworksBuildPhase section */

/* Begin PBXGroup section */
		1D90DF6C27119CB20061F507 = {
			isa = PBXGroup;
			children = (
				1D90DF7727119CB20061F507 /* FlickerImageSearch */,
				1D90DF8E27119CB60061F507 /* FlickerImageSearchTests */,
				1D90DF9827119CB60061F507 /* FlickerImageSearchUITests */,
				1D90DF7627119CB20061F507 /* Products */,
			);
			sourceTree = "<group>";
		};
		1D90DF7627119CB20061F507 /* Products */ = {
			isa = PBXGroup;
			children = (
				1D90DF7527119CB20061F507 /* FlickerImageSearch.app */,
				1D90DF8B27119CB60061F507 /* FlickerImageSearchTests.xctest */,
				1D90DF9527119CB60061F507 /* FlickerImageSearchUITests.xctest */,
			);
			name = Products;
			sourceTree = "<group>";
		};
		1D90DF7727119CB20061F507 /* FlickerImageSearch */ = {
			isa = PBXGroup;
			children = (
				1D90DFAB27119D7E0061F507 /* Extensions */,
				1D90DFAA27119D6F0061F507 /* Managers */,
				1D90DFA827119D0C0061F507 /* LifeCycle */,
				1D90DFA927119D590061F507 /* Scenes */,
				1D90DF8127119CB50061F507 /* Assets.xcassets */,
				1D90DF8627119CB50061F507 /* Info.plist */,
			);
			path = FlickerImageSearch;
			sourceTree = "<group>";
		};
		1D90DF8E27119CB60061F507 /* FlickerImageSearchTests */ = {
			isa = PBXGroup;
			children = (
				1D90DF8F27119CB60061F507 /* FlickerImageSearchTests.swift */,
			);
			path = FlickerImageSearchTests;
			sourceTree = "<group>";
		};
		1D90DF9827119CB60061F507 /* FlickerImageSearchUITests */ = {
			isa = PBXGroup;
			children = (
				1D90DF9927119CB60061F507 /* FlickerImageSearchUITests.swift */,
				1D90DF9B27119CB60061F507 /* FlickerImageSearchUITestsLaunchTests.swift */,
			);
			path = FlickerImageSearchUITests;
			sourceTree = "<group>";
		};
		1D90DFA827119D0C0061F507 /* LifeCycle */ = {
			isa = PBXGroup;
			children = (
				1D90DF7827119CB20061F507 /* AppDelegate.swift */,
				1D90DF7A27119CB20061F507 /* SceneDelegate.swift */,
			);
			path = LifeCycle;
			sourceTree = "<group>";
		};
		1D90DFA927119D590061F507 /* Scenes */ = {
			isa = PBXGroup;
			children = (
				1D90DF7C27119CB20061F507 /* ImageSearchViewController.swift */,
				1D90DF7E27119CB20061F507 /* Main.storyboard */,
				1D90DF8327119CB50061F507 /* LaunchScreen.storyboard */,
			);
			path = Scenes;
			sourceTree = "<group>";
		};
		1D90DFAA27119D6F0061F507 /* Managers */ = {
			isa = PBXGroup;
			children = (
			);
			path = Managers;
			sourceTree = "<group>";
		};
		1D90DFAB27119D7E0061F507 /* Extensions */ = {
			isa = PBXGroup;
			children = (
			);
			path = Extensions;
			sourceTree = "<group>";
		};
/* End PBXGroup section */

/* Begin PBXNativeTarget section */
		1D90DF7427119CB20061F507 /* FlickerImageSearch */ = {
			isa = PBXNativeTarget;
			buildConfigurationList = 1D90DF9F27119CB60061F507 /* Build configuration list for PBXNativeTarget "FlickerImageSearch" */;
			buildPhases = (
				1D90DF7127119CB20061F507 /* Sources */,
				1D90DF7227119CB20061F507 /* Frameworks */,
				1D90DF7327119CB20061F507 /* Resources */,
			);
			buildRules = (
			);
			dependencies = (
			);
			name = FlickerImageSearch;
			productName = FlickerImageSearch;
			productReference = 1D90DF7527119CB20061F507 /* FlickerImageSearch.app */;
			productType = "com.apple.product-type.application";
		};
		1D90DF8A27119CB60061F507 /* FlickerImageSearchTests */ = {
			isa = PBXNativeTarget;
			buildConfigurationList = 1D90DFA227119CB60061F507 /* Build configuration list for PBXNativeTarget "FlickerImageSearchTests" */;
			buildPhases = (
				1D90DF8727119CB60061F507 /* Sources */,
				1D90DF8827119CB60061F507 /* Frameworks */,
				1D90DF8927119CB60061F507 /* Resources */,
			);
			buildRules = (
			);
			dependencies = (
				1D90DF8D27119CB60061F507 /* PBXTargetDependency */,
			);
			name = FlickerImageSearchTests;
			productName = FlickerImageSearchTests;
			productReference = 1D90DF8B27119CB60061F507 /* FlickerImageSearchTests.xctest */;
			productType = "com.apple.product-type.bundle.unit-test";
		};
		1D90DF9427119CB60061F507 /* FlickerImageSearchUITests */ = {
			isa = PBXNativeTarget;
			buildConfigurationList = 1D90DFA527119CB60061F507 /* Build configuration list for PBXNativeTarget "FlickerImageSearchUITests" */;
			buildPhases = (
				1D90DF9127119CB60061F507 /* Sources */,
				1D90DF9227119CB60061F507 /* Frameworks */,
				1D90DF9327119CB60061F507 /* Resources */,
			);
			buildRules = (
			);
			dependencies = (
				1D90DF9727119CB60061F507 /* PBXTargetDependency */,
			);
			name = FlickerImageSearchUITests;
			productName = FlickerImageSearchUITests;
			productReference = 1D90DF9527119CB60061F507 /* FlickerImageSearchUITests.xctest */;
			productType = "com.apple.product-type.bundle.ui-testing";
		};
/* End PBXNativeTarget section */

/* Begin PBXProject section */
		1D90DF6D27119CB20061F507 /* Project object */ = {
			isa = PBXProject;
			attributes = {
				BuildIndependentTargetsInParallel = 1;
				LastSwiftUpdateCheck = 1300;
				LastUpgradeCheck = 1300;
				TargetAttributes = {
					1D90DF7427119CB20061F507 = {
						CreatedOnToolsVersion = 13.0;
					};
					1D90DF8A27119CB60061F507 = {
						CreatedOnToolsVersion = 13.0;
						TestTargetID = 1D90DF7427119CB20061F507;
					};
					1D90DF9427119CB60061F507 = {
						CreatedOnToolsVersion = 13.0;
						TestTargetID = 1D90DF7427119CB20061F507;
					};
				};
			};
			buildConfigurationList = 1D90DF7027119CB20061F507 /* Build configuration list for PBXProject "FlickerImageSearch" */;
			compatibilityVersion = "Xcode 13.0";
			developmentRegion = en;
			hasScannedForEncodings = 0;
			knownRegions = (
				en,
				Base,
			);
			mainGroup = 1D90DF6C27119CB20061F507;
			productRefGroup = 1D90DF7627119CB20061F507 /* Products */;
			projectDirPath = "";
			projectRoot = "";
			targets = (
				1D90DF7427119CB20061F507 /* FlickerImageSearch */,
				1D90DF8A27119CB60061F507 /* FlickerImageSearchTests */,
				1D90DF9427119CB60061F507 /* FlickerImageSearchUITests */,
			);
		};
/* End PBXProject section */

/* Begin PBXResourcesBuildPhase section */
		1D90DF7327119CB20061F507 /* Resources */ = {
			isa = PBXResourcesBuildPhase;
			buildActionMask = 2147483647;
			files = (
				1D90DF8527119CB50061F507 /* LaunchScreen.storyboard in Resources */,
				1D90DF8227119CB50061F507 /* Assets.xcassets in Resources */,
				1D90DF8027119CB20061F507 /* Main.storyboard in Resources */,
			);
			runOnlyForDeploymentPostprocessing = 0;
		};
		1D90DF8927119CB60061F507 /* Resources */ = {
			isa = PBXResourcesBuildPhase;
			buildActionMask = 2147483647;
			files = (
			);
			runOnlyForDeploymentPostprocessing = 0;
		};
		1D90DF9327119CB60061F507 /* Resources */ = {
			isa = PBXResourcesBuildPhase;
			buildActionMask = 2147483647;
			files = (
			);
			runOnlyForDeploymentPostprocessing = 0;
		};
/* End PBXResourcesBuildPhase section */

/* Begin PBXSourcesBuildPhase section */
		1D90DF7127119CB20061F507 /* Sources */ = {
			isa = PBXSourcesBuildPhase;
			buildActionMask = 2147483647;
			files = (
				1D90DF7D27119CB20061F507 /* ImageSearchViewController.swift in Sources */,
				1D90DF7927119CB20061F507 /* AppDelegate.swift in Sources */,
				1D90DF7B27119CB20061F507 /* SceneDelegate.swift in Sources */,
			);
			runOnlyForDeploymentPostprocessing = 0;
		};
		1D90DF8727119CB60061F507 /* Sources */ = {
			isa = PBXSourcesBuildPhase;
			buildActionMask = 2147483647;
			files = (
				1D90DF9027119CB60061F507 /* FlickerImageSearchTests.swift in Sources */,
			);
			runOnlyForDeploymentPostprocessing = 0;
		};
		1D90DF9127119CB60061F507 /* Sources */ = {
			isa = PBXSourcesBuildPhase;
			buildActionMask = 2147483647;
			files = (
				1D90DF9A27119CB60061F507 /* FlickerImageSearchUITests.swift in Sources */,
				1D90DF9C27119CB60061F507 /* FlickerImageSearchUITestsLaunchTests.swift in Sources */,
			);
			runOnlyForDeploymentPostprocessing = 0;
		};
/* End PBXSourcesBuildPhase section */

/* Begin PBXTargetDependency section */
		1D90DF8D27119CB60061F507 /* PBXTargetDependency */ = {
			isa = PBXTargetDependency;
			target = 1D90DF7427119CB20061F507 /* FlickerImageSearch */;
			targetProxy = 1D90DF8C27119CB60061F507 /* PBXContainerItemProxy */;
		};
		1D90DF9727119CB60061F507 /* PBXTargetDependency */ = {
			isa = PBXTargetDependency;
			target = 1D90DF7427119CB20061F507 /* FlickerImageSearch */;
			targetProxy = 1D90DF9627119CB60061F507 /* PBXContainerItemProxy */;
		};
/* End PBXTargetDependency section */

/* Begin PBXVariantGroup section */
		1D90DF7E27119CB20061F507 /* Main.storyboard */ = {
			isa = PBXVariantGroup;
			children = (
				1D90DF7F27119CB20061F507 /* Base */,
			);
			name = Main.storyboard;
			sourceTree = "<group>";
		};
		1D90DF8327119CB50061F507 /* LaunchScreen.storyboard */ = {
			isa = PBXVariantGroup;
			children = (
				1D90DF8427119CB50061F507 /* Base */,
			);
			name = LaunchScreen.storyboard;
			sourceTree = "<group>";
		};
/* End PBXVariantGroup section */

/* Begin XCBuildConfiguration section */
		1D90DF9D27119CB60061F507 /* Debug */ = {
			isa = XCBuildConfiguration;
			buildSettings = {
				ALWAYS_SEARCH_USER_PATHS = NO;
				CLANG_ANALYZER_NONNULL = YES;
				CLANG_ANALYZER_NUMBER_OBJECT_CONVERSION = YES_AGGRESSIVE;
				CLANG_CXX_LANGUAGE_STANDARD = "gnu++17";
				CLANG_CXX_LIBRARY = "libc++";
				CLANG_ENABLE_MODULES = YES;
				CLANG_ENABLE_OBJC_ARC = YES;
				CLANG_ENABLE_OBJC_WEAK = YES;
				CLANG_WARN_BLOCK_CAPTURE_AUTORELEASING = YES;
				CLANG_WARN_BOOL_CONVERSION = YES;
				CLANG_WARN_COMMA = YES;
				CLANG_WARN_CONSTANT_CONVERSION = YES;
				CLANG_WARN_DEPRECATED_OBJC_IMPLEMENTATIONS = YES;
				CLANG_WARN_DIRECT_OBJC_ISA_USAGE = YES_ERROR;
				CLANG_WARN_DOCUMENTATION_COMMENTS = YES;
				CLANG_WARN_EMPTY_BODY = YES;
				CLANG_WARN_ENUM_CONVERSION = YES;
				CLANG_WARN_INFINITE_RECURSION = YES;
				CLANG_WARN_INT_CONVERSION = YES;
				CLANG_WARN_NON_LITERAL_NULL_CONVERSION = YES;
				CLANG_WARN_OBJC_IMPLICIT_RETAIN_SELF = YES;
				CLANG_WARN_OBJC_LITERAL_CONVERSION = YES;
				CLANG_WARN_OBJC_ROOT_CLASS = YES_ERROR;
				CLANG_WARN_QUOTED_INCLUDE_IN_FRAMEWORK_HEADER = YES;
				CLANG_WARN_RANGE_LOOP_ANALYSIS = YES;
				CLANG_WARN_STRICT_PROTOTYPES = YES;
				CLANG_WARN_SUSPICIOUS_MOVE = YES;
				CLANG_WARN_UNGUARDED_AVAILABILITY = YES_AGGRESSIVE;
				CLANG_WARN_UNREACHABLE_CODE = YES;
				CLANG_WARN__DUPLICATE_METHOD_MATCH = YES;
				COPY_PHASE_STRIP = NO;
				DEBUG_INFORMATION_FORMAT = dwarf;
				ENABLE_STRICT_OBJC_MSGSEND = YES;
				ENABLE_TESTABILITY = YES;
				GCC_C_LANGUAGE_STANDARD = gnu11;
				GCC_DYNAMIC_NO_PIC = NO;
				GCC_NO_COMMON_BLOCKS = YES;
				GCC_OPTIMIZATION_LEVEL = 0;
				GCC_PREPROCESSOR_DEFINITIONS = (
					"DEBUG=1",
					"$(inherited)",
				);
				GCC_WARN_64_TO_32_BIT_CONVERSION = YES;
				GCC_WARN_ABOUT_RETURN_TYPE = YES_ERROR;
				GCC_WARN_UNDECLARED_SELECTOR = YES;
				GCC_WARN_UNINITIALIZED_AUTOS = YES_AGGRESSIVE;
				GCC_WARN_UNUSED_FUNCTION = YES;
				GCC_WARN_UNUSED_VARIABLE = YES;
				IPHONEOS_DEPLOYMENT_TARGET = 15.0;
				MTL_ENABLE_DEBUG_INFO = INCLUDE_SOURCE;
				MTL_FAST_MATH = YES;
				ONLY_ACTIVE_ARCH = YES;
				SDKROOT = iphoneos;
				SWIFT_ACTIVE_COMPILATION_CONDITIONS = DEBUG;
				SWIFT_OPTIMIZATION_LEVEL = "-Onone";
			};
			name = Debug;
		};
		1D90DF9E27119CB60061F507 /* Release */ = {
			isa = XCBuildConfiguration;
			buildSettings = {
				ALWAYS_SEARCH_USER_PATHS = NO;
				CLANG_ANALYZER_NONNULL = YES;
				CLANG_ANALYZER_NUMBER_OBJECT_CONVERSION = YES_AGGRESSIVE;
				CLANG_CXX_LANGUAGE_STANDARD = "gnu++17";
				CLANG_CXX_LIBRARY = "libc++";
				CLANG_ENABLE_MODULES = YES;
				CLANG_ENABLE_OBJC_ARC = YES;
				CLANG_ENABLE_OBJC_WEAK = YES;
				CLANG_WARN_BLOCK_CAPTURE_AUTORELEASING = YES;
				CLANG_WARN_BOOL_CONVERSION = YES;
				CLANG_WARN_COMMA = YES;
				CLANG_WARN_CONSTANT_CONVERSION = YES;
				CLANG_WARN_DEPRECATED_OBJC_IMPLEMENTATIONS = YES;
				CLANG_WARN_DIRECT_OBJC_ISA_USAGE = YES_ERROR;
				CLANG_WARN_DOCUMENTATION_COMMENTS = YES;
				CLANG_WARN_EMPTY_BODY = YES;
				CLANG_WARN_ENUM_CONVERSION = YES;
				CLANG_WARN_INFINITE_RECURSION = YES;
				CLANG_WARN_INT_CONVERSION = YES;
				CLANG_WARN_NON_LITERAL_NULL_CONVERSION = YES;
				CLANG_WARN_OBJC_IMPLICIT_RETAIN_SELF = YES;
				CLANG_WARN_OBJC_LITERAL_CONVERSION = YES;
				CLANG_WARN_OBJC_ROOT_CLASS = YES_ERROR;
				CLANG_WARN_QUOTED_INCLUDE_IN_FRAMEWORK_HEADER = YES;
				CLANG_WARN_RANGE_LOOP_ANALYSIS = YES;
				CLANG_WARN_STRICT_PROTOTYPES = YES;
				CLANG_WARN_SUSPICIOUS_MOVE = YES;
				CLANG_WARN_UNGUARDED_AVAILABILITY = YES_AGGRESSIVE;
				CLANG_WARN_UNREACHABLE_CODE = YES;
				CLANG_WARN__DUPLICATE_METHOD_MATCH = YES;
				COPY_PHASE_STRIP = NO;
				DEBUG_INFORMATION_FORMAT = "dwarf-with-dsym";
				ENABLE_NS_ASSERTIONS = NO;
				ENABLE_STRICT_OBJC_MSGSEND = YES;
				GCC_C_LANGUAGE_STANDARD = gnu11;
				GCC_NO_COMMON_BLOCKS = YES;
				GCC_WARN_64_TO_32_BIT_CONVERSION = YES;
				GCC_WARN_ABOUT_RETURN_TYPE = YES_ERROR;
				GCC_WARN_UNDECLARED_SELECTOR = YES;
				GCC_WARN_UNINITIALIZED_AUTOS = YES_AGGRESSIVE;
				GCC_WARN_UNUSED_FUNCTION = YES;
				GCC_WARN_UNUSED_VARIABLE = YES;
				IPHONEOS_DEPLOYMENT_TARGET = 15.0;
				MTL_ENABLE_DEBUG_INFO = NO;
				MTL_FAST_MATH = YES;
				SDKROOT = iphoneos;
				SWIFT_COMPILATION_MODE = wholemodule;
				SWIFT_OPTIMIZATION_LEVEL = "-O";
				VALIDATE_PRODUCT = YES;
			};
			name = Release;
		};
		1D90DFA027119CB60061F507 /* Debug */ = {
			isa = XCBuildConfiguration;
			buildSettings = {
				ASSETCATALOG_COMPILER_APPICON_NAME = AppIcon;
				ASSETCATALOG_COMPILER_GLOBAL_ACCENT_COLOR_NAME = AccentColor;
				CODE_SIGN_STYLE = Automatic;
				CURRENT_PROJECT_VERSION = 1;
				DEVELOPMENT_TEAM = 5C56CTSGBQ;
				GENERATE_INFOPLIST_FILE = YES;
				INFOPLIST_FILE = FlickerImageSearch/Info.plist;
				INFOPLIST_KEY_UIApplicationSupportsIndirectInputEvents = YES;
				INFOPLIST_KEY_UILaunchStoryboardName = LaunchScreen;
				INFOPLIST_KEY_UIMainStoryboardFile = Main;
				INFOPLIST_KEY_UISupportedInterfaceOrientations_iPad = "UIInterfaceOrientationPortrait UIInterfaceOrientationPortraitUpsideDown UIInterfaceOrientationLandscapeLeft UIInterfaceOrientationLandscapeRight";
				INFOPLIST_KEY_UISupportedInterfaceOrientations_iPhone = "UIInterfaceOrientationPortrait UIInterfaceOrientationLandscapeLeft UIInterfaceOrientationLandscapeRight";
				LD_RUNPATH_SEARCH_PATHS = (
					"$(inherited)",
					"@executable_path/Frameworks",
				);
				MARKETING_VERSION = 1.0;
				PRODUCT_BUNDLE_IDENTIFIER = eandd.FlickerImageSearch;
				PRODUCT_NAME = "$(TARGET_NAME)";
				SWIFT_EMIT_LOC_STRINGS = YES;
				SWIFT_VERSION = 5.0;
				TARGETED_DEVICE_FAMILY = "1,2";
			};
			name = Debug;
		};
		1D90DFA127119CB60061F507 /* Release */ = {
			isa = XCBuildConfiguration;
			buildSettings = {
				ASSETCATALOG_COMPILER_APPICON_NAME = AppIcon;
				ASSETCATALOG_COMPILER_GLOBAL_ACCENT_COLOR_NAME = AccentColor;
				CODE_SIGN_STYLE = Automatic;
				CURRENT_PROJECT_VERSION = 1;
				DEVELOPMENT_TEAM = 5C56CTSGBQ;
				GENERATE_INFOPLIST_FILE = YES;
				INFOPLIST_FILE = FlickerImageSearch/Info.plist;
				INFOPLIST_KEY_UIApplicationSupportsIndirectInputEvents = YES;
				INFOPLIST_KEY_UILaunchStoryboardName = LaunchScreen;
				INFOPLIST_KEY_UIMainStoryboardFile = Main;
				INFOPLIST_KEY_UISupportedInterfaceOrientations_iPad = "UIInterfaceOrientationPortrait UIInterfaceOrientationPortraitUpsideDown UIInterfaceOrientationLandscapeLeft UIInterfaceOrientationLandscapeRight";
				INFOPLIST_KEY_UISupportedInterfaceOrientations_iPhone = "UIInterfaceOrientationPortrait UIInterfaceOrientationLandscapeLeft UIInterfaceOrientationLandscapeRight";
				LD_RUNPATH_SEARCH_PATHS = (
					"$(inherited)",
					"@executable_path/Frameworks",
				);
				MARKETING_VERSION = 1.0;
				PRODUCT_BUNDLE_IDENTIFIER = eandd.FlickerImageSearch;
				PRODUCT_NAME = "$(TARGET_NAME)";
				SWIFT_EMIT_LOC_STRINGS = YES;
				SWIFT_VERSION = 5.0;
				TARGETED_DEVICE_FAMILY = "1,2";
			};
			name = Release;
		};
		1D90DFA327119CB60061F507 /* Debug */ = {
			isa = XCBuildConfiguration;
			buildSettings = {
				ALWAYS_EMBED_SWIFT_STANDARD_LIBRARIES = YES;
				BUNDLE_LOADER = "$(TEST_HOST)";
				CODE_SIGN_STYLE = Automatic;
				CURRENT_PROJECT_VERSION = 1;
				DEVELOPMENT_TEAM = 5C56CTSGBQ;
				GENERATE_INFOPLIST_FILE = YES;
				IPHONEOS_DEPLOYMENT_TARGET = 15.0;
				LD_RUNPATH_SEARCH_PATHS = (
					"$(inherited)",
					"@executable_path/Frameworks",
					"@loader_path/Frameworks",
				);
				MARKETING_VERSION = 1.0;
				PRODUCT_BUNDLE_IDENTIFIER = eandd.FlickerImageSearchTests;
				PRODUCT_NAME = "$(TARGET_NAME)";
				SWIFT_EMIT_LOC_STRINGS = NO;
				SWIFT_VERSION = 5.0;
				TARGETED_DEVICE_FAMILY = "1,2";
				TEST_HOST = "$(BUILT_PRODUCTS_DIR)/FlickerImageSearch.app/FlickerImageSearch";
			};
			name = Debug;
		};
		1D90DFA427119CB60061F507 /* Release */ = {
			isa = XCBuildConfiguration;
			buildSettings = {
				ALWAYS_EMBED_SWIFT_STANDARD_LIBRARIES = YES;
				BUNDLE_LOADER = "$(TEST_HOST)";
				CODE_SIGN_STYLE = Automatic;
				CURRENT_PROJECT_VERSION = 1;
				DEVELOPMENT_TEAM = 5C56CTSGBQ;
				GENERATE_INFOPLIST_FILE = YES;
				IPHONEOS_DEPLOYMENT_TARGET = 15.0;
				LD_RUNPATH_SEARCH_PATHS = (
					"$(inherited)",
					"@executable_path/Frameworks",
					"@loader_path/Frameworks",
				);
				MARKETING_VERSION = 1.0;
				PRODUCT_BUNDLE_IDENTIFIER = eandd.FlickerImageSearchTests;
				PRODUCT_NAME = "$(TARGET_NAME)";
				SWIFT_EMIT_LOC_STRINGS = NO;
				SWIFT_VERSION = 5.0;
				TARGETED_DEVICE_FAMILY = "1,2";
				TEST_HOST = "$(BUILT_PRODUCTS_DIR)/FlickerImageSearch.app/FlickerImageSearch";
			};
			name = Release;
		};
		1D90DFA627119CB60061F507 /* Debug */ = {
			isa = XCBuildConfiguration;
			buildSettings = {
				ALWAYS_EMBED_SWIFT_STANDARD_LIBRARIES = YES;
				CODE_SIGN_STYLE = Automatic;
				CURRENT_PROJECT_VERSION = 1;
				DEVELOPMENT_TEAM = 5C56CTSGBQ;
				GENERATE_INFOPLIST_FILE = YES;
				LD_RUNPATH_SEARCH_PATHS = (
					"$(inherited)",
					"@executable_path/Frameworks",
					"@loader_path/Frameworks",
				);
				MARKETING_VERSION = 1.0;
				PRODUCT_BUNDLE_IDENTIFIER = eandd.FlickerImageSearchUITests;
				PRODUCT_NAME = "$(TARGET_NAME)";
				SWIFT_EMIT_LOC_STRINGS = NO;
				SWIFT_VERSION = 5.0;
				TARGETED_DEVICE_FAMILY = "1,2";
				TEST_TARGET_NAME = FlickerImageSearch;
			};
			name = Debug;
		};
		1D90DFA727119CB60061F507 /* Release */ = {
			isa = XCBuildConfiguration;
			buildSettings = {
				ALWAYS_EMBED_SWIFT_STANDARD_LIBRARIES = YES;
				CODE_SIGN_STYLE = Automatic;
				CURRENT_PROJECT_VERSION = 1;
				DEVELOPMENT_TEAM = 5C56CTSGBQ;
				GENERATE_INFOPLIST_FILE = YES;
				LD_RUNPATH_SEARCH_PATHS = (
					"$(inherited)",
					"@executable_path/Frameworks",
					"@loader_path/Frameworks",
				);
				MARKETING_VERSION = 1.0;
				PRODUCT_BUNDLE_IDENTIFIER = eandd.FlickerImageSearchUITests;
				PRODUCT_NAME = "$(TARGET_NAME)";
				SWIFT_EMIT_LOC_STRINGS = NO;
				SWIFT_VERSION = 5.0;
				TARGETED_DEVICE_FAMILY = "1,2";
				TEST_TARGET_NAME = FlickerImageSearch;
			};
			name = Release;
		};
/* End XCBuildConfiguration section */

/* Begin XCConfigurationList section */
		1D90DF7027119CB20061F507 /* Build configuration list for PBXProject "FlickerImageSearch" */ = {
			isa = XCConfigurationList;
			buildConfigurations = (
				1D90DF9D27119CB60061F507 /* Debug */,
				1D90DF9E27119CB60061F507 /* Release */,
			);
			defaultConfigurationIsVisible = 0;
			defaultConfigurationName = Release;
		};
		1D90DF9F27119CB60061F507 /* Build configuration list for PBXNativeTarget "FlickerImageSearch" */ = {
			isa = XCConfigurationList;
			buildConfigurations = (
				1D90DFA027119CB60061F507 /* Debug */,
				1D90DFA127119CB60061F507 /* Release */,
			);
			defaultConfigurationIsVisible = 0;
			defaultConfigurationName = Release;
		};
		1D90DFA227119CB60061F507 /* Build configuration list for PBXNativeTarget "FlickerImageSearchTests" */ = {
			isa = XCConfigurationList;
			buildConfigurations = (
				1D90DFA327119CB60061F507 /* Debug */,
				1D90DFA427119CB60061F507 /* Release */,
			);
			defaultConfigurationIsVisible = 0;
			defaultConfigurationName = Release;
		};
		1D90DFA527119CB60061F507 /* Build configuration list for PBXNativeTarget "FlickerImageSearchUITests" */ = {
			isa = XCConfigurationList;
			buildConfigurations = (
				1D90DFA627119CB60061F507 /* Debug */,
				1D90DFA727119CB60061F507 /* Release */,
			);
			defaultConfigurationIsVisible = 0;
			defaultConfigurationName = Release;
		};
/* End XCConfigurationList section */
	};
	rootObject = 1D90DF6D27119CB20061F507 /* Project object */;
}
